
Microsoft Visual Studio Solution File, Format Version 12.00
# Visual Studio 14
VisualStudioVersion = 14.0.25123.0
MinimumVisualStudioVersion = 10.0.40219.1
Project("{FAE04EC0-301F-11D3-BF4B-00C04F79EFBC}") = "narmail", "narmail.csproj", "{84432464-9C2A-4E3C-A581-6B9A9B416E58}"
EndProject
Project("{FAE04EC0-301F-11D3-BF4B-00C04F79EFBC}") = "narmapi", "narmapi\narmapi.csproj", "{FA2598B8-6783-4EE8-BFFB-958282B1F4D6}"
EndProject
Project("{FAE04EC0-301F-11D3-BF4B-00C04F79EFBC}") = "UniversalMarkdown", "..\UniversalMarkdown\UniversalMarkdown\UniversalMarkdown.csproj", "{9FFC3B68-696A-4342-A2B8-2EADDDEF7FF9}"
EndProject
Project("{FAE04EC0-301F-11D3-BF4B-00C04F79EFBC}") = "narmailbackground", "..\narmailbackground\narmailbackground.csproj", "{A2D58ED2-EB2C-4395-91ED-96CD5B90808F}"
EndProject
Global
	GlobalSection(SolutionConfigurationPlatforms) = preSolution
		Debug|Any CPU = Debug|Any CPU
		Debug|ARM = Debug|ARM
		Debug|x64 = Debug|x64
		Debug|x86 = Debug|x86
		Release|Any CPU = Release|Any CPU
		Release|ARM = Release|ARM
		Release|x64 = Release|x64
		Release|x86 = Release|x86
	EndGlobalSection
	GlobalSection(ProjectConfigurationPlatforms) = postSolution
		{84432464-9C2A-4E3C-A581-6B9A9B416E58}.Debug|Any CPU.ActiveCfg = Debug|x86
		{84432464-9C2A-4E3C-A581-6B9A9B416E58}.Debug|ARM.ActiveCfg = Debug|ARM
		{84432464-9C2A-4E3C-A581-6B9A9B416E58}.Debug|ARM.Build.0 = Debug|ARM
		{84432464-9C2A-4E3C-A581-6B9A9B416E58}.Debug|ARM.Deploy.0 = Debug|ARM
		{84432464-9C2A-4E3C-A581-6B9A9B416E58}.Debug|x64.ActiveCfg = Debug|x64
		{84432464-9C2A-4E3C-A581-6B9A9B416E58}.Debug|x64.Build.0 = Debug|x64
		{84432464-9C2A-4E3C-A581-6B9A9B416E58}.Debug|x64.Deploy.0 = Debug|x64
		{84432464-9C2A-4E3C-A581-6B9A9B416E58}.Debug|x86.ActiveCfg = Debug|x86
		{84432464-9C2A-4E3C-A581-6B9A9B416E58}.Debug|x86.Build.0 = Debug|x86
		{84432464-9C2A-4E3C-A581-6B9A9B416E58}.Debug|x86.Deploy.0 = Debug|x86
		{84432464-9C2A-4E3C-A581-6B9A9B416E58}.Release|Any CPU.ActiveCfg = Release|x86
		{84432464-9C2A-4E3C-A581-6B9A9B416E58}.Release|ARM.ActiveCfg = Release|ARM
		{84432464-9C2A-4E3C-A581-6B9A9B416E58}.Release|ARM.Build.0 = Release|ARM
		{84432464-9C2A-4E3C-A581-6B9A9B416E58}.Release|ARM.Deploy.0 = Release|ARM
		{84432464-9C2A-4E3C-A581-6B9A9B416E58}.Release|x64.ActiveCfg = Release|x64
		{84432464-9C2A-4E3C-A581-6B9A9B416E58}.Release|x64.Build.0 = Release|x64
		{84432464-9C2A-4E3C-A581-6B9A9B416E58}.Release|x64.Deploy.0 = Release|x64
		{84432464-9C2A-4E3C-A581-6B9A9B416E58}.Release|x86.ActiveCfg = Release|x86
		{84432464-9C2A-4E3C-A581-6B9A9B416E58}.Release|x86.Build.0 = Release|x86
		{84432464-9C2A-4E3C-A581-6B9A9B416E58}.Release|x86.Deploy.0 = Release|x86
		{FA2598B8-6783-4EE8-BFFB-958282B1F4D6}.Debug|Any CPU.ActiveCfg = Debug|Any CPU
		{FA2598B8-6783-4EE8-BFFB-958282B1F4D6}.Debug|Any CPU.Build.0 = Debug|Any CPU
		{FA2598B8-6783-4EE8-BFFB-958282B1F4D6}.Debug|ARM.ActiveCfg = Debug|Any CPU
		{FA2598B8-6783-4EE8-BFFB-958282B1F4D6}.Debug|ARM.Build.0 = Debug|Any CPU
		{FA2598B8-6783-4EE8-BFFB-958282B1F4D6}.Debug|x64.ActiveCfg = Debug|Any CPU
		{FA2598B8-6783-4EE8-BFFB-958282B1F4D6}.Debug|x64.Build.0 = Debug|Any CPU
		{FA2598B8-6783-4EE8-BFFB-958282B1F4D6}.Debug|x86.ActiveCfg = Debug|Any CPU
		{FA2598B8-6783-4EE8-BFFB-958282B1F4D6}.Debug|x86.Build.0 = Debug|Any CPU
		{FA2598B8-6783-4EE8-BFFB-958282B1F4D6}.Release|Any CPU.ActiveCfg = Release|Any CPU
		{FA2598B8-6783-4EE8-BFFB-958282B1F4D6}.Release|Any CPU.Build.0 = Release|Any CPU
		{FA2598B8-6783-4EE8-BFFB-958282B1F4D6}.Release|ARM.ActiveCfg = Release|Any CPU
		{FA2598B8-6783-4EE8-BFFB-958282B1F4D6}.Release|ARM.Build.0 = Release|Any CPU
		{FA2598B8-6783-4EE8-BFFB-958282B1F4D6}.Release|x64.ActiveCfg = Release|Any CPU
		{FA2598B8-6783-4EE8-BFFB-958282B1F4D6}.Release|x64.Build.0 = Release|Any CPU
		{FA2598B8-6783-4EE8-BFFB-958282B1F4D6}.Release|x86.ActiveCfg = Release|Any CPU
		{FA2598B8-6783-4EE8-BFFB-958282B1F4D6}.Release|x86.Build.0 = Release|Any CPU
		{9FFC3B68-696A-4342-A2B8-2EADDDEF7FF9}.Debug|Any CPU.ActiveCfg = Debug|Any CPU
		{9FFC3B68-696A-4342-A2B8-2EADDDEF7FF9}.Debug|Any CPU.Build.0 = Debug|Any CPU
		{9FFC3B68-696A-4342-A2B8-2EADDDEF7FF9}.Debug|ARM.ActiveCfg = Debug|ARM
		{9FFC3B68-696A-4342-A2B8-2EADDDEF7FF9}.Debug|ARM.Build.0 = Debug|ARM
		{9FFC3B68-696A-4342-A2B8-2EADDDEF7FF9}.Debug|x64.ActiveCfg = Debug|x64
		{9FFC3B68-696A-4342-A2B8-2EADDDEF7FF9}.Debug|x64.Build.0 = Debug|x64
		{9FFC3B68-696A-4342-A2B8-2EADDDEF7FF9}.Debug|x86.ActiveCfg = Debug|x86
		{9FFC3B68-696A-4342-A2B8-2EADDDEF7FF9}.Debug|x86.Build.0 = Debug|x86
		{9FFC3B68-696A-4342-A2B8-2EADDDEF7FF9}.Release|Any CPU.ActiveCfg = Release|Any CPU
		{9FFC3B68-696A-4342-A2B8-2EADDDEF7FF9}.Release|Any CPU.Build.0 = Release|Any CPU
		{9FFC3B68-696A-4342-A2B8-2EADDDEF7FF9}.Release|ARM.ActiveCfg = Release|ARM
		{9FFC3B68-696A-4342-A2B8-2EADDDEF7FF9}.Release|ARM.Build.0 = Release|ARM
		{9FFC3B68-696A-4342-A2B8-2EADDDEF7FF9}.Release|x64.ActiveCfg = Release|x64
		{9FFC3B68-696A-4342-A2B8-2EADDDEF7FF9}.Release|x64.Build.0 = Release|x64
		{9FFC3B68-696A-4342-A2B8-2EADDDEF7FF9}.Release|x86.ActiveCfg = Release|x86
		{9FFC3B68-696A-4342-A2B8-2EADDDEF7FF9}.Release|x86.Build.0 = Release|x86
		{A2D58ED2-EB2C-4395-91ED-96CD5B90808F}.Debug|Any CPU.ActiveCfg = Debug|Any CPU
		{A2D58ED2-EB2C-4395-91ED-96CD5B90808F}.Debug|Any CPU.Build.0 = Debug|Any CPU
		{A2D58ED2-EB2C-4395-91ED-96CD5B90808F}.Debug|ARM.ActiveCfg = Debug|ARM
		{A2D58ED2-EB2C-4395-91ED-96CD5B90808F}.Debug|ARM.Build.0 = Debug|ARM
		{A2D58ED2-EB2C-4395-91ED-96CD5B90808F}.Debug|x64.ActiveCfg = Debug|x64
		{A2D58ED2-EB2C-4395-91ED-96CD5B90808F}.Debug|x64.Build.0 = Debug|x64
		{A2D58ED2-EB2C-4395-91ED-96CD5B90808F}.Debug|x86.ActiveCfg = Debug|x86
		{A2D58ED2-EB2C-4395-91ED-96CD5B90808F}.Debug|x86.Build.0 = Debug|x86
		{A2D58ED2-EB2C-4395-91ED-96CD5B90808F}.Release|Any CPU.ActiveCfg = Release|Any CPU
		{A2D58ED2-EB2C-4395-91ED-96CD5B90808F}.Release|Any CPU.Build.0 = Release|Any CPU
		{A2D58ED2-EB2C-4395-91ED-96CD5B90808F}.Release|ARM.ActiveCfg = Release|ARM
		{A2D58ED2-EB2C-4395-91ED-96CD5B90808F}.Release|ARM.Build.0 = Release|ARM
		{A2D58ED2-EB2C-4395-91ED-96CD5B90808F}.Release|x64.ActiveCfg = Release|x64
		{A2D58ED2-EB2C-4395-91ED-96CD5B90808F}.Release|x64.Build.0 = Release|x64
		{A2D58ED2-EB2C-4395-91ED-96CD5B90808F}.Release|x86.ActiveCfg = Release|x86
		{A2D58ED2-EB2C-4395-91ED-96CD5B90808F}.Release|x86.Build.0 = Release|x86
	EndGlobalSection
	GlobalSection(SolutionProperties) = preSolution
		HideSolutionNode = FALSE
	EndGlobalSection
EndGlobal
